
Microsoft Visual Studio Solution File, Format Version 12.00
Project("{FAE04EC0-301F-11D3-BF4B-00C04F79EFBC}") = "ACLI", "src\ACLI\ACLI.csproj", "{039A2437-9365-4148-B331-91C4F7C14194}"
EndProject
Project("{FAE04EC0-301F-11D3-BF4B-00C04F79EFBC}") = "ACLITests", "src\ACLITests\ACLITests.csproj", "{1C5A1D24-5C66-4402-80C9-1D6AC38FD432}"
EndProject
Global
	GlobalSection(SolutionConfigurationPlatforms) = preSolution
		Debug|Any CPU = Debug|Any CPU
		Release|Any CPU = Release|Any CPU
	EndGlobalSection
	GlobalSection(ProjectConfigurationPlatforms) = postSolution
		{039A2437-9365-4148-B331-91C4F7C14194}.Debug|Any CPU.ActiveCfg = Debug|Any CPU
		{039A2437-9365-4148-B331-91C4F7C14194}.Debug|Any CPU.Build.0 = Debug|Any CPU
		{039A2437-9365-4148-B331-91C4F7C14194}.Release|Any CPU.ActiveCfg = Release|Any CPU
		{039A2437-9365-4148-B331-91C4F7C14194}.Release|Any CPU.Build.0 = Release|Any CPU
		{1C5A1D24-5C66-4402-80C9-1D6AC38FD432}.Debug|Any CPU.ActiveCfg = Debug|Any CPU
		{1C5A1D24-5C66-4402-80C9-1D6AC38FD432}.Debug|Any CPU.Build.0 = Debug|Any CPU
		{1C5A1D24-5C66-4402-80C9-1D6AC38FD432}.Release|Any CPU.ActiveCfg = Release|Any CPU
		{1C5A1D24-5C66-4402-80C9-1D6AC38FD432}.Release|Any CPU.Build.0 = Release|Any CPU
	EndGlobalSection
EndGlobal
